// !$*UTF8*$!
{
	archiveVersion = 1;
	classes = {
	};
	objectVersion = 46;
	objects = {

/* Begin PBXBuildFile section */
		1FA0F770186B63920033BB86 /* Foundation.framework in Frameworks */ = {isa = PBXBuildFile; fileRef = 1FA0F76F186B63920033BB86 /* Foundation.framework */; };
		1FA0F772186B63920033BB86 /* CoreGraphics.framework in Frameworks */ = {isa = PBXBuildFile; fileRef = 1FA0F771186B63920033BB86 /* CoreGraphics.framework */; };
		1FA0F774186B63920033BB86 /* UIKit.framework in Frameworks */ = {isa = PBXBuildFile; fileRef = 1FA0F773186B63920033BB86 /* UIKit.framework */; };
		1FA0F77A186B63920033BB86 /* InfoPlist.strings in Resources */ = {isa = PBXBuildFile; fileRef = 1FA0F778186B63920033BB86 /* InfoPlist.strings */; };
		1FA0F77C186B63920033BB86 /* main.m in Sources */ = {isa = PBXBuildFile; fileRef = 1FA0F77B186B63920033BB86 /* main.m */; };
		1FA0F780186B63920033BB86 /* AppDelegate.m in Sources */ = {isa = PBXBuildFile; fileRef = 1FA0F77F186B63920033BB86 /* AppDelegate.m */; };
		1FA0F782186B63920033BB86 /* Images.xcassets in Resources */ = {isa = PBXBuildFile; fileRef = 1FA0F781186B63920033BB86 /* Images.xcassets */; };
		1FA0F789186B63920033BB86 /* XCTest.framework in Frameworks */ = {isa = PBXBuildFile; fileRef = 1FA0F788186B63920033BB86 /* XCTest.framework */; };
		1FA0F78A186B63920033BB86 /* Foundation.framework in Frameworks */ = {isa = PBXBuildFile; fileRef = 1FA0F76F186B63920033BB86 /* Foundation.framework */; };
		1FA0F78B186B63920033BB86 /* UIKit.framework in Frameworks */ = {isa = PBXBuildFile; fileRef = 1FA0F773186B63920033BB86 /* UIKit.framework */; };
		1FA0F7A0186B642E0033BB86 /* PlaylistViewController.m in Sources */ = {isa = PBXBuildFile; fileRef = 1FA0F79F186B642E0033BB86 /* PlaylistViewController.m */; };
		1FA0F7A3186B65480033BB86 /* PlayerYoutubeView.m in Sources */ = {isa = PBXBuildFile; fileRef = 1FA0F7A2186B65480033BB86 /* PlayerYoutubeView.m */; };
		1FA0F7AD186B654D0033BB86 /* icon_120.png in Resources */ = {isa = PBXBuildFile; fileRef = 1FA0F7A6186B654D0033BB86 /* icon_120.png */; };
		1FA0F7AE186B654D0033BB86 /* icon_58.png in Resources */ = {isa = PBXBuildFile; fileRef = 1FA0F7A7186B654D0033BB86 /* icon_58.png */; };
		1FA0F7AF186B654D0033BB86 /* icon_80.png in Resources */ = {isa = PBXBuildFile; fileRef = 1FA0F7A8186B654D0033BB86 /* icon_80.png */; };
		1FA0F7B0186B654D0033BB86 /* pause_button@2x.png in Resources */ = {isa = PBXBuildFile; fileRef = 1FA0F7AA186B654D0033BB86 /* pause_button@2x.png */; };
		1FA0F7B1186B654D0033BB86 /* play_button@2x.png in Resources */ = {isa = PBXBuildFile; fileRef = 1FA0F7AB186B654D0033BB86 /* play_button@2x.png */; };
		1FA0F7B2186B654D0033BB86 /* track_separator@2x.png in Resources */ = {isa = PBXBuildFile; fileRef = 1FA0F7AC186B654D0033BB86 /* track_separator@2x.png */; };
		1FA0F7B5186B65520033BB86 /* youtubePlayer.html in Resources */ = {isa = PBXBuildFile; fileRef = 1FA0F7B4186B65520033BB86 /* youtubePlayer.html */; };
		1FA0F7C0186C4A560033BB86 /* TrackCell.m in Sources */ = {isa = PBXBuildFile; fileRef = 1FA0F7BF186C4A560033BB86 /* TrackCell.m */; };
		1FA0F7C5186C50320033BB86 /* header_bg@2x.png in Resources */ = {isa = PBXBuildFile; fileRef = 1FA0F7C3186C50320033BB86 /* header_bg@2x.png */; };
		1FA0F7C6186C50320033BB86 /* hello@2x.png in Resources */ = {isa = PBXBuildFile; fileRef = 1FA0F7C4186C50320033BB86 /* hello@2x.png */; };
		1FA0F7CD186C56510033BB86 /* launch_960.png in Resources */ = {isa = PBXBuildFile; fileRef = 1FA0F7CB186C56510033BB86 /* launch_960.png */; };
		1FA0F7CE186C56510033BB86 /* launch_1136.png in Resources */ = {isa = PBXBuildFile; fileRef = 1FA0F7CC186C56510033BB86 /* launch_1136.png */; };
/* End PBXBuildFile section */

/* Begin PBXContainerItemProxy section */
		1FA0F78C186B63920033BB86 /* PBXContainerItemProxy */ = {
			isa = PBXContainerItemProxy;
			containerPortal = 1FA0F764186B63920033BB86 /* Project object */;
			proxyType = 1;
			remoteGlobalIDString = 1FA0F76B186B63920033BB86;
			remoteInfo = Rainbow;
		};
/* End PBXContainerItemProxy section */

/* Begin PBXFileReference section */
		1FA0F76C186B63920033BB86 /* Rainbow.app */ = {isa = PBXFileReference; explicitFileType = wrapper.application; includeInIndex = 0; path = Rainbow.app; sourceTree = BUILT_PRODUCTS_DIR; };
		1FA0F76F186B63920033BB86 /* Foundation.framework */ = {isa = PBXFileReference; lastKnownFileType = wrapper.framework; name = Foundation.framework; path = System/Library/Frameworks/Foundation.framework; sourceTree = SDKROOT; };
		1FA0F771186B63920033BB86 /* CoreGraphics.framework */ = {isa = PBXFileReference; lastKnownFileType = wrapper.framework; name = CoreGraphics.framework; path = System/Library/Frameworks/CoreGraphics.framework; sourceTree = SDKROOT; };
		1FA0F773186B63920033BB86 /* UIKit.framework */ = {isa = PBXFileReference; lastKnownFileType = wrapper.framework; name = UIKit.framework; path = System/Library/Frameworks/UIKit.framework; sourceTree = SDKROOT; };
		1FA0F777186B63920033BB86 /* Rainbow-Info.plist */ = {isa = PBXFileReference; lastKnownFileType = text.plist.xml; path = "Rainbow-Info.plist"; sourceTree = "<group>"; };
		1FA0F779186B63920033BB86 /* en */ = {isa = PBXFileReference; lastKnownFileType = text.plist.strings; name = en; path = en.lproj/InfoPlist.strings; sourceTree = "<group>"; };
		1FA0F77B186B63920033BB86 /* main.m */ = {isa = PBXFileReference; lastKnownFileType = sourcecode.c.objc; path = main.m; sourceTree = "<group>"; };
		1FA0F77D186B63920033BB86 /* Rainbow-Prefix.pch */ = {isa = PBXFileReference; lastKnownFileType = sourcecode.c.h; path = "Rainbow-Prefix.pch"; sourceTree = "<group>"; };
		1FA0F77E186B63920033BB86 /* AppDelegate.h */ = {isa = PBXFileReference; lastKnownFileType = sourcecode.c.h; path = AppDelegate.h; sourceTree = "<group>"; };
		1FA0F77F186B63920033BB86 /* AppDelegate.m */ = {isa = PBXFileReference; lastKnownFileType = sourcecode.c.objc; path = AppDelegate.m; sourceTree = "<group>"; };
		1FA0F781186B63920033BB86 /* Images.xcassets */ = {isa = PBXFileReference; lastKnownFileType = folder.assetcatalog; path = Images.xcassets; sourceTree = "<group>"; };
		1FA0F787186B63920033BB86 /* RainbowTests.xctest */ = {isa = PBXFileReference; explicitFileType = wrapper.cfbundle; includeInIndex = 0; path = RainbowTests.xctest; sourceTree = BUILT_PRODUCTS_DIR; };
		1FA0F788186B63920033BB86 /* XCTest.framework */ = {isa = PBXFileReference; lastKnownFileType = wrapper.framework; name = XCTest.framework; path = Library/Frameworks/XCTest.framework; sourceTree = DEVELOPER_DIR; };
		1FA0F79E186B642E0033BB86 /* PlaylistViewController.h */ = {isa = PBXFileReference; fileEncoding = 4; lastKnownFileType = sourcecode.c.h; path = PlaylistViewController.h; sourceTree = "<group>"; };
		1FA0F79F186B642E0033BB86 /* PlaylistViewController.m */ = {isa = PBXFileReference; fileEncoding = 4; lastKnownFileType = sourcecode.c.objc; path = PlaylistViewController.m; sourceTree = "<group>"; };
		1FA0F7A1186B65480033BB86 /* PlayerYoutubeView.h */ = {isa = PBXFileReference; fileEncoding = 4; lastKnownFileType = sourcecode.c.h; path = PlayerYoutubeView.h; sourceTree = "<group>"; };
		1FA0F7A2186B65480033BB86 /* PlayerYoutubeView.m */ = {isa = PBXFileReference; fileEncoding = 4; lastKnownFileType = sourcecode.c.objc; path = PlayerYoutubeView.m; sourceTree = "<group>"; };
		1FA0F7A6186B654D0033BB86 /* icon_120.png */ = {isa = PBXFileReference; lastKnownFileType = image.png; path = icon_120.png; sourceTree = "<group>"; };
		1FA0F7A7186B654D0033BB86 /* icon_58.png */ = {isa = PBXFileReference; lastKnownFileType = image.png; path = icon_58.png; sourceTree = "<group>"; };
		1FA0F7A8186B654D0033BB86 /* icon_80.png */ = {isa = PBXFileReference; lastKnownFileType = image.png; path = icon_80.png; sourceTree = "<group>"; };
		1FA0F7AA186B654D0033BB86 /* pause_button@2x.png */ = {isa = PBXFileReference; lastKnownFileType = image.png; path = "pause_button@2x.png"; sourceTree = "<group>"; };
		1FA0F7AB186B654D0033BB86 /* play_button@2x.png */ = {isa = PBXFileReference; lastKnownFileType = image.png; path = "play_button@2x.png"; sourceTree = "<group>"; };
		1FA0F7AC186B654D0033BB86 /* track_separator@2x.png */ = {isa = PBXFileReference; lastKnownFileType = image.png; path = "track_separator@2x.png"; sourceTree = "<group>"; };
		1FA0F7B4186B65520033BB86 /* youtubePlayer.html */ = {isa = PBXFileReference; fileEncoding = 4; lastKnownFileType = text.html; path = youtubePlayer.html; sourceTree = "<group>"; };
		1FA0F7B9186BA3750033BB86 /* Config.h */ = {isa = PBXFileReference; lastKnownFileType = sourcecode.c.h; path = Config.h; sourceTree = "<group>"; };
		1FA0F7BE186C4A560033BB86 /* TrackCell.h */ = {isa = PBXFileReference; fileEncoding = 4; lastKnownFileType = sourcecode.c.h; path = TrackCell.h; sourceTree = "<group>"; };
		1FA0F7BF186C4A560033BB86 /* TrackCell.m */ = {isa = PBXFileReference; fileEncoding = 4; lastKnownFileType = sourcecode.c.objc; path = TrackCell.m; sourceTree = "<group>"; };
		1FA0F7C3186C50320033BB86 /* header_bg@2x.png */ = {isa = PBXFileReference; lastKnownFileType = image.png; path = "header_bg@2x.png"; sourceTree = "<group>"; };
		1FA0F7C4186C50320033BB86 /* hello@2x.png */ = {isa = PBXFileReference; lastKnownFileType = image.png; path = "hello@2x.png"; sourceTree = "<group>"; };
		1FA0F7CB186C56510033BB86 /* launch_960.png */ = {isa = PBXFileReference; lastKnownFileType = image.png; path = launch_960.png; sourceTree = "<group>"; };
		1FA0F7CC186C56510033BB86 /* launch_1136.png */ = {isa = PBXFileReference; lastKnownFileType = image.png; path = launch_1136.png; sourceTree = "<group>"; };
/* End PBXFileReference section */

/* Begin PBXFrameworksBuildPhase section */
		1FA0F769186B63920033BB86 /* Frameworks */ = {
			isa = PBXFrameworksBuildPhase;
			buildActionMask = 2147483647;
			files = (
				1FA0F772186B63920033BB86 /* CoreGraphics.framework in Frameworks */,
				1FA0F774186B63920033BB86 /* UIKit.framework in Frameworks */,
				1FA0F770186B63920033BB86 /* Foundation.framework in Frameworks */,
			);
			runOnlyForDeploymentPostprocessing = 0;
		};
		1FA0F784186B63920033BB86 /* Frameworks */ = {
			isa = PBXFrameworksBuildPhase;
			buildActionMask = 2147483647;
			files = (
				1FA0F789186B63920033BB86 /* XCTest.framework in Frameworks */,
				1FA0F78B186B63920033BB86 /* UIKit.framework in Frameworks */,
				1FA0F78A186B63920033BB86 /* Foundation.framework in Frameworks */,
			);
			runOnlyForDeploymentPostprocessing = 0;
		};
/* End PBXFrameworksBuildPhase section */

/* Begin PBXGroup section */
		1FA0F763186B63920033BB86 = {
			isa = PBXGroup;
			children = (
				1FA0F7B3186B65520033BB86 /* html */,
				1FA0F7A4186B654D0033BB86 /* Ressources */,
				1FA0F775186B63920033BB86 /* Rainbow */,
				1FA0F76E186B63920033BB86 /* Frameworks */,
				1FA0F76D186B63920033BB86 /* Products */,
			);
			sourceTree = "<group>";
		};
		1FA0F76D186B63920033BB86 /* Products */ = {
			isa = PBXGroup;
			children = (
				1FA0F76C186B63920033BB86 /* Rainbow.app */,
				1FA0F787186B63920033BB86 /* RainbowTests.xctest */,
			);
			name = Products;
			sourceTree = "<group>";
		};
		1FA0F76E186B63920033BB86 /* Frameworks */ = {
			isa = PBXGroup;
			children = (
				1FA0F76F186B63920033BB86 /* Foundation.framework */,
				1FA0F771186B63920033BB86 /* CoreGraphics.framework */,
				1FA0F773186B63920033BB86 /* UIKit.framework */,
				1FA0F788186B63920033BB86 /* XCTest.framework */,
			);
			name = Frameworks;
			sourceTree = "<group>";
		};
		1FA0F775186B63920033BB86 /* Rainbow */ = {
			isa = PBXGroup;
			children = (
				1FA0F7B9186BA3750033BB86 /* Config.h */,
				1FA0F7A1186B65480033BB86 /* PlayerYoutubeView.h */,
				1FA0F7A2186B65480033BB86 /* PlayerYoutubeView.m */,
				1FA0F77E186B63920033BB86 /* AppDelegate.h */,
				1FA0F77F186B63920033BB86 /* AppDelegate.m */,
				1FA0F781186B63920033BB86 /* Images.xcassets */,
				1FA0F776186B63920033BB86 /* Supporting Files */,
				1FA0F79E186B642E0033BB86 /* PlaylistViewController.h */,
				1FA0F79F186B642E0033BB86 /* PlaylistViewController.m */,
				1FA0F7BE186C4A560033BB86 /* TrackCell.h */,
				1FA0F7BF186C4A560033BB86 /* TrackCell.m */,
			);
			path = Rainbow;
			sourceTree = "<group>";
		};
		1FA0F776186B63920033BB86 /* Supporting Files */ = {
			isa = PBXGroup;
			children = (
				1FA0F777186B63920033BB86 /* Rainbow-Info.plist */,
				1FA0F778186B63920033BB86 /* InfoPlist.strings */,
				1FA0F77B186B63920033BB86 /* main.m */,
				1FA0F77D186B63920033BB86 /* Rainbow-Prefix.pch */,
			);
			name = "Supporting Files";
			sourceTree = "<group>";
		};
		1FA0F7A4186B654D0033BB86 /* Ressources */ = {
			isa = PBXGroup;
			children = (
				1FA0F7CB186C56510033BB86 /* launch_960.png */,
				1FA0F7CC186C56510033BB86 /* launch_1136.png */,
				1FA0F7C3186C50320033BB86 /* header_bg@2x.png */,
				1FA0F7C4186C50320033BB86 /* hello@2x.png */,
				1FA0F7A5186B654D0033BB86 /* icons */,
				1FA0F7A9186B654D0033BB86 /* player */,
				1FA0F7AC186B654D0033BB86 /* track_separator@2x.png */,
			);
			path = Ressources;
			sourceTree = "<group>";
		};
		1FA0F7A5186B654D0033BB86 /* icons */ = {
			isa = PBXGroup;
			children = (
				1FA0F7A6186B654D0033BB86 /* icon_120.png */,
				1FA0F7A7186B654D0033BB86 /* icon_58.png */,
				1FA0F7A8186B654D0033BB86 /* icon_80.png */,
			);
			path = icons;
			sourceTree = "<group>";
		};
		1FA0F7A9186B654D0033BB86 /* player */ = {
			isa = PBXGroup;
			children = (
				1FA0F7AA186B654D0033BB86 /* pause_button@2x.png */,
				1FA0F7AB186B654D0033BB86 /* play_button@2x.png */,
			);
			path = player;
			sourceTree = "<group>";
		};
		1FA0F7B3186B65520033BB86 /* html */ = {
			isa = PBXGroup;
			children = (
				1FA0F7B4186B65520033BB86 /* youtubePlayer.html */,
			);
			path = html;
			sourceTree = "<group>";
		};
/* End PBXGroup section */

/* Begin PBXNativeTarget section */
		1FA0F76B186B63920033BB86 /* Rainbow */ = {
			isa = PBXNativeTarget;
			buildConfigurationList = 1FA0F798186B63920033BB86 /* Build configuration list for PBXNativeTarget "Rainbow" */;
			buildPhases = (
				1FA0F768186B63920033BB86 /* Sources */,
				1FA0F769186B63920033BB86 /* Frameworks */,
				1FA0F76A186B63920033BB86 /* Resources */,
			);
			buildRules = (
			);
			dependencies = (
			);
			name = Rainbow;
			productName = Rainbow;
			productReference = 1FA0F76C186B63920033BB86 /* Rainbow.app */;
			productType = "com.apple.product-type.application";
		};
		1FA0F786186B63920033BB86 /* RainbowTests */ = {
			isa = PBXNativeTarget;
			buildConfigurationList = 1FA0F79B186B63920033BB86 /* Build configuration list for PBXNativeTarget "RainbowTests" */;
			buildPhases = (
				1FA0F783186B63920033BB86 /* Sources */,
				1FA0F784186B63920033BB86 /* Frameworks */,
				1FA0F785186B63920033BB86 /* Resources */,
			);
			buildRules = (
			);
			dependencies = (
				1FA0F78D186B63920033BB86 /* PBXTargetDependency */,
			);
			name = RainbowTests;
			productName = RainbowTests;
			productReference = 1FA0F787186B63920033BB86 /* RainbowTests.xctest */;
			productType = "com.apple.product-type.bundle.unit-test";
		};
/* End PBXNativeTarget section */

/* Begin PBXProject section */
		1FA0F764186B63920033BB86 /* Project object */ = {
			isa = PBXProject;
			attributes = {
				LastUpgradeCheck = 0500;
				ORGANIZATIONNAME = "Damien Romito";
				TargetAttributes = {
					1FA0F786186B63920033BB86 = {
						TestTargetID = 1FA0F76B186B63920033BB86;
					};
				};
			};
			buildConfigurationList = 1FA0F767186B63920033BB86 /* Build configuration list for PBXProject "Rainbow" */;
			compatibilityVersion = "Xcode 3.2";
			developmentRegion = English;
			hasScannedForEncodings = 0;
			knownRegions = (
				en,
			);
			mainGroup = 1FA0F763186B63920033BB86;
			productRefGroup = 1FA0F76D186B63920033BB86 /* Products */;
			projectDirPath = "";
			projectRoot = "";
			targets = (
				1FA0F76B186B63920033BB86 /* Rainbow */,
				1FA0F786186B63920033BB86 /* RainbowTests */,
			);
		};
/* End PBXProject section */

/* Begin PBXResourcesBuildPhase section */
		1FA0F76A186B63920033BB86 /* Resources */ = {
			isa = PBXResourcesBuildPhase;
			buildActionMask = 2147483647;
			files = (
				1FA0F7B5186B65520033BB86 /* youtubePlayer.html in Resources */,
				1FA0F7C6186C50320033BB86 /* hello@2x.png in Resources */,
				1FA0F7CD186C56510033BB86 /* launch_960.png in Resources */,
				1FA0F7B2186B654D0033BB86 /* track_separator@2x.png in Resources */,
				1FA0F77A186B63920033BB86 /* InfoPlist.strings in Resources */,
				1FA0F7B0186B654D0033BB86 /* pause_button@2x.png in Resources */,
				1FA0F7AD186B654D0033BB86 /* icon_120.png in Resources */,
				1FA0F7B1186B654D0033BB86 /* play_button@2x.png in Resources */,
				1FA0F7C5186C50320033BB86 /* header_bg@2x.png in Resources */,
				1FA0F782186B63920033BB86 /* Images.xcassets in Resources */,
				1FA0F7AE186B654D0033BB86 /* icon_58.png in Resources */,
				1FA0F7AF186B654D0033BB86 /* icon_80.png in Resources */,
				1FA0F7CE186C56510033BB86 /* launch_1136.png in Resources */,
			);
			runOnlyForDeploymentPostprocessing = 0;
		};
		1FA0F785186B63920033BB86 /* Resources */ = {
			isa = PBXResourcesBuildPhase;
			buildActionMask = 2147483647;
			files = (
			);
			runOnlyForDeploymentPostprocessing = 0;
		};
/* End PBXResourcesBuildPhase section */

/* Begin PBXSourcesBuildPhase section */
		1FA0F768186B63920033BB86 /* Sources */ = {
			isa = PBXSourcesBuildPhase;
			buildActionMask = 2147483647;
			files = (
				1FA0F780186B63920033BB86 /* AppDelegate.m in Sources */,
				1FA0F7A0186B642E0033BB86 /* PlaylistViewController.m in Sources */,
				1FA0F77C186B63920033BB86 /* main.m in Sources */,
				1FA0F7C0186C4A560033BB86 /* TrackCell.m in Sources */,
				1FA0F7A3186B65480033BB86 /* PlayerYoutubeView.m in Sources */,
			);
			runOnlyForDeploymentPostprocessing = 0;
		};
		1FA0F783186B63920033BB86 /* Sources */ = {
			isa = PBXSourcesBuildPhase;
			buildActionMask = 2147483647;
			files = (
			);
			runOnlyForDeploymentPostprocessing = 0;
		};
/* End PBXSourcesBuildPhase section */

/* Begin PBXTargetDependency section */
		1FA0F78D186B63920033BB86 /* PBXTargetDependency */ = {
			isa = PBXTargetDependency;
			target = 1FA0F76B186B63920033BB86 /* Rainbow */;
			targetProxy = 1FA0F78C186B63920033BB86 /* PBXContainerItemProxy */;
		};
/* End PBXTargetDependency section */

/* Begin PBXVariantGroup section */
		1FA0F778186B63920033BB86 /* InfoPlist.strings */ = {
			isa = PBXVariantGroup;
			children = (
				1FA0F779186B63920033BB86 /* en */,
			);
			name = InfoPlist.strings;
			sourceTree = "<group>";
		};
/* End PBXVariantGroup section */

/* Begin XCBuildConfiguration section */
		1FA0F796186B63920033BB86 /* Debug */ = {
			isa = XCBuildConfiguration;
			buildSettings = {
				ALWAYS_SEARCH_USER_PATHS = NO;
				ARCHS = "$(ARCHS_STANDARD_INCLUDING_64_BIT)";
				CLANG_CXX_LANGUAGE_STANDARD = "gnu++0x";
				CLANG_CXX_LIBRARY = "libc++";
				CLANG_ENABLE_MODULES = YES;
				CLANG_ENABLE_OBJC_ARC = YES;
				CLANG_WARN_BOOL_CONVERSION = YES;
				CLANG_WARN_CONSTANT_CONVERSION = YES;
				CLANG_WARN_DIRECT_OBJC_ISA_USAGE = YES_ERROR;
				CLANG_WARN_EMPTY_BODY = YES;
				CLANG_WARN_ENUM_CONVERSION = YES;
				CLANG_WARN_INT_CONVERSION = YES;
				CLANG_WARN_OBJC_ROOT_CLASS = YES_ERROR;
				CLANG_WARN__DUPLICATE_METHOD_MATCH = YES;
				"CODE_SIGN_IDENTITY[sdk=iphoneos*]" = "iPhone Developer";
				COPY_PHASE_STRIP = NO;
				GCC_C_LANGUAGE_STANDARD = gnu99;
				GCC_DYNAMIC_NO_PIC = NO;
				GCC_OPTIMIZATION_LEVEL = 0;
				GCC_PREPROCESSOR_DEFINITIONS = (
					"DEBUG=1",
					"$(inherited)",
				);
				GCC_SYMBOLS_PRIVATE_EXTERN = NO;
				GCC_WARN_64_TO_32_BIT_CONVERSION = YES;
				GCC_WARN_ABOUT_RETURN_TYPE = YES_ERROR;
				GCC_WARN_UNDECLARED_SELECTOR = YES;
				GCC_WARN_UNINITIALIZED_AUTOS = YES;
				GCC_WARN_UNUSED_FUNCTION = YES;
				GCC_WARN_UNUSED_VARIABLE = YES;
				IPHONEOS_DEPLOYMENT_TARGET = 7.0;
				ONLY_ACTIVE_ARCH = YES;
				SDKROOT = iphoneos;
			};
			name = Debug;
		};
		1FA0F797186B63920033BB86 /* Release */ = {
			isa = XCBuildConfiguration;
			buildSettings = {
				ALWAYS_SEARCH_USER_PATHS = NO;
				ARCHS = "$(ARCHS_STANDARD_INCLUDING_64_BIT)";
				CLANG_CXX_LANGUAGE_STANDARD = "gnu++0x";
				CLANG_CXX_LIBRARY = "libc++";
				CLANG_ENABLE_MODULES = YES;
				CLANG_ENABLE_OBJC_ARC = YES;
				CLANG_WARN_BOOL_CONVERSION = YES;
				CLANG_WARN_CONSTANT_CONVERSION = YES;
				CLANG_WARN_DIRECT_OBJC_ISA_USAGE = YES_ERROR;
				CLANG_WARN_EMPTY_BODY = YES;
				CLANG_WARN_ENUM_CONVERSION = YES;
				CLANG_WARN_INT_CONVERSION = YES;
				CLANG_WARN_OBJC_ROOT_CLASS = YES_ERROR;
				CLANG_WARN__DUPLICATE_METHOD_MATCH = YES;
				"CODE_SIGN_IDENTITY[sdk=iphoneos*]" = "iPhone Developer";
				COPY_PHASE_STRIP = YES;
				ENABLE_NS_ASSERTIONS = NO;
				GCC_C_LANGUAGE_STANDARD = gnu99;
				GCC_WARN_64_TO_32_BIT_CONVERSION = YES;
				GCC_WARN_ABOUT_RETURN_TYPE = YES_ERROR;
				GCC_WARN_UNDECLARED_SELECTOR = YES;
				GCC_WARN_UNINITIALIZED_AUTOS = YES;
				GCC_WARN_UNUSED_FUNCTION = YES;
				GCC_WARN_UNUSED_VARIABLE = YES;
				IPHONEOS_DEPLOYMENT_TARGET = 7.0;
				SDKROOT = iphoneos;
				VALIDATE_PRODUCT = YES;
			};
			name = Release;
		};
		1FA0F799186B63920033BB86 /* Debug */ = {
			isa = XCBuildConfiguration;
			buildSettings = {
				GCC_PRECOMPILE_PREFIX_HEADER = YES;
				GCC_PREFIX_HEADER = "Rainbow/Rainbow-Prefix.pch";
				INFOPLIST_FILE = "Rainbow/Rainbow-Info.plist";
				IPHONEOS_DEPLOYMENT_TARGET = 7.0;
				PRODUCT_NAME = Rainbow;
				WRAPPER_EXTENSION = app;
			};
			name = Debug;
		};
		1FA0F79A186B63920033BB86 /* Release */ = {
			isa = XCBuildConfiguration;
			buildSettings = {
				GCC_PRECOMPILE_PREFIX_HEADER = YES;
				GCC_PREFIX_HEADER = "Rainbow/Rainbow-Prefix.pch";
				INFOPLIST_FILE = "Rainbow/Rainbow-Info.plist";
				IPHONEOS_DEPLOYMENT_TARGET = 7.0;
				PRODUCT_NAME = Rainbow;
				WRAPPER_EXTENSION = app;
			};
			name = Release;
		};
		1FA0F79C186B63920033BB86 /* Debug */ = {
			isa = XCBuildConfiguration;
			buildSettings = {
				ARCHS = "$(ARCHS_STANDARD_INCLUDING_64_BIT)";
				BUNDLE_LOADER = "$(BUILT_PRODUCTS_DIR)/Rainbow.app/Rainbow";
				FRAMEWORK_SEARCH_PATHS = (
					"$(SDKROOT)/Developer/Library/Frameworks",
					"$(inherited)",
					"$(DEVELOPER_FRAMEWORKS_DIR)",
				);
				GCC_PRECOMPILE_PREFIX_HEADER = YES;
				GCC_PREFIX_HEADER = "Rainbow/Rainbow-Prefix.pch";
				GCC_PREPROCESSOR_DEFINITIONS = (
					"DEBUG=1",
					"$(inherited)",
				);
				INFOPLIST_FILE = "RainbowTests/RainbowTests-Info.plist";
				PRODUCT_NAME = RainbowTests;
				TEST_HOST = "$(BUNDLE_LOADER)";
				WRAPPER_EXTENSION = xctest;
			};
			name = Debug;
		};
		1FA0F79D186B63920033BB86 /* Release */ = {
			isa = XCBuildConfiguration;
			buildSettings = {
				ARCHS = "$(ARCHS_STANDARD_INCLUDING_64_BIT)";
				BUNDLE_LOADER = "$(BUILT_PRODUCTS_DIR)/Rainbow.app/Rainbow";
				FRAMEWORK_SEARCH_PATHS = (
					"$(SDKROOT)/Developer/Library/Frameworks",
					"$(inherited)",
					"$(DEVELOPER_FRAMEWORKS_DIR)",
				);
				GCC_PRECOMPILE_PREFIX_HEADER = YES;
				GCC_PREFIX_HEADER = "Rainbow/Rainbow-Prefix.pch";
				INFOPLIST_FILE = "RainbowTests/RainbowTests-Info.plist";
				PRODUCT_NAME = RainbowTests;
				TEST_HOST = "$(BUNDLE_LOADER)";
				WRAPPER_EXTENSION = xctest;
			};
			name = Release;
		};
/* End XCBuildConfiguration section */

/* Begin XCConfigurationList section */
		1FA0F767186B63920033BB86 /* Build configuration list for PBXProject "Rainbow" */ = {
			isa = XCConfigurationList;
			buildConfigurations = (
				1FA0F796186B63920033BB86 /* Debug */,
				1FA0F797186B63920033BB86 /* Release */,
			);
			defaultConfigurationIsVisible = 0;
			defaultConfigurationName = Release;
		};
		1FA0F798186B63920033BB86 /* Build configuration list for PBXNativeTarget "Rainbow" */ = {
			isa = XCConfigurationList;
			buildConfigurations = (
				1FA0F799186B63920033BB86 /* Debug */,
				1FA0F79A186B63920033BB86 /* Release */,
			);
			defaultConfigurationIsVisible = 0;
			defaultConfigurationName = Release;
		};
		1FA0F79B186B63920033BB86 /* Build configuration list for PBXNativeTarget "RainbowTests" */ = {
			isa = XCConfigurationList;
			buildConfigurations = (
				1FA0F79C186B63920033BB86 /* Debug */,
				1FA0F79D186B63920033BB86 /* Release */,
			);
			defaultConfigurationIsVisible = 0;
			defaultConfigurationName = Release;
		};
/* End XCConfigurationList section */
	};
	rootObject = 1FA0F764186B63920033BB86 /* Project object */;
}
